<?xml version="1.0" encoding="utf-8"?>
<Project ToolsVersion="4.0" xmlns="http://schemas.microsoft.com/developer/msbuild/2003">
  <ItemGroup>
    <Filter Include="Generated Files">
      <UniqueIdentifier>{71ED8ED8-ACB9-4CE9-BBE1-E00B30144E11}</UniqueIdentifier>
      <Extensions>cpp;c;cxx;moc;h;def;odl;idl;res;</Extensions>
    </Filter>
    <Filter Include="Generated Files">
      <UniqueIdentifier>{71ED8ED8-ACB9-4CE9-BBE1-E00B30144E11}</UniqueIdentifier>
      <Extensions>cpp;c;cxx;moc;h;def;odl;idl;res;</Extensions>
    </Filter>
    <Filter Include="Header Files">
      <UniqueIdentifier>{93995380-89BD-4b04-88EB-625FBE52EBFB}</UniqueIdentifier>
      <Extensions>h;hpp;hxx;hm;inl;inc;xsd</Extensions>
    </Filter>
    <Filter Include="Header Files">
      <UniqueIdentifier>{93995380-89BD-4b04-88EB-625FBE52EBFB}</UniqueIdentifier>
      <Extensions>h;hpp;hxx;hm;inl;inc;xsd</Extensions>
    </Filter>
    <Filter Include="Resource Files">
      <UniqueIdentifier>{D9D6E242-F8AF-46E4-B9FD-80ECBC20BA3E}</UniqueIdentifier>
      <Extensions>qrc;*</Extensions>
      <ParseFiles>false</ParseFiles>
    </Filter>
    <Filter Include="Resource Files">
      <UniqueIdentifier>{D9D6E242-F8AF-46E4-B9FD-80ECBC20BA3E}</UniqueIdentifier>
      <Extensions>qrc;*</Extensions>
      <ParseFiles>false</ParseFiles>
    </Filter>
    <Filter Include="Source Files">
      <UniqueIdentifier>{4FC737F1-C7A5-4376-A066-2A32D752A2FF}</UniqueIdentifier>
      <Extensions>cpp;c;cxx;def;odl;idl;hpj;bat;asm;asmx</Extensions>
    </Filter>
    <Filter Include="Source Files">
      <UniqueIdentifier>{4FC737F1-C7A5-4376-A066-2A32D752A2FF}</UniqueIdentifier>
      <Extensions>cpp;c;cxx;def;odl;idl;hpj;bat;asm;asmx</Extensions>
    </Filter>
  </ItemGroup>
  <ItemGroup>
    <ClCompile Include="src\APAAudioStream.cpp">
      <Filter>Source Files</Filter>
    </ClCompile>
    <ClCompile Include="src\AudioBuffer.cpp">
      <Filter>Source Files</Filter>
    </ClCompile>
    <ClCompile Include="src\AudioCallConfirmationDialog.cpp">
      <Filter>Source Files</Filter>
    </ClCompile>
    <ClCompile Include="src\AudioConversationWindow.cpp">
      <Filter>Source Files</Filter>
    </ClCompile>
    <ClCompile Include="src\AudioPlayer.cpp">
      <Filter>Source Files</Filter>
    </ClCompile>
    <ClCompile Include="src\AudioRecorder.cpp">
      <Filter>Source Files</Filter>
    </ClCompile>
    <ClCompile Include="src\BabelCoreClient.cpp">
      <Filter>Source Files</Filter>
    </ClCompile>
    <ClCompile Include="src\CircularBuffer.cpp">
      <Filter>Source Files</Filter>
    </ClCompile>
    <ClCompile Include="src\ConversationWindow.cpp">
      <Filter>Source Files</Filter>
    </ClCompile>
    <ClCompile Include="src\Functor.cpp">
      <Filter>Source Files</Filter>
    </ClCompile>
    <ClCompile Include="src\LoginDialog.cpp">
      <Filter>Source Files</Filter>
    </ClCompile>
    <ClCompile Include="src\LoginEntryDialog.cpp">
      <Filter>Source Files</Filter>
    </ClCompile>
    <ClCompile Include="src\MainWindow.cpp">
      <Filter>Source Files</Filter>
    </ClCompile>
    <ClCompile Include="src\Mutex.cpp">
      <Filter>Source Files</Filter>
    </ClCompile>
    <ClCompile Include="src\OpusAudioCoder.cpp">
      <Filter>Source Files</Filter>
    </ClCompile>
    <ClCompile Include="src\PAAudioDevice.cpp">
      <Filter>Source Files</Filter>
    </ClCompile>
    <ClCompile Include="src\PAAudioInputStream.cpp">
      <Filter>Source Files</Filter>
    </ClCompile>
    <ClCompile Include="src\PAAudioOutputStream.cpp">
      <Filter>Source Files</Filter>
    </ClCompile>
    <ClCompile Include="src\PAAudioService.cpp">
      <Filter>Source Files</Filter>
    </ClCompile>
    <ClCompile Include="src\RegisterEntryDialog.cpp">
      <Filter>Source Files</Filter>
    </ClCompile>
    <ClCompile Include="src\SampleFormat.cpp">
      <Filter>Source Files</Filter>
    </ClCompile>
    <ClCompile Include="src\TcpAsyncSocket.cpp">
      <Filter>Source Files</Filter>
    </ClCompile>
    <ClCompile Include="src\Timer.cpp">
      <Filter>Source Files</Filter>
    </ClCompile>
    <ClCompile Include="src\UdpAsyncSocket.cpp">
      <Filter>Source Files</Filter>
    </ClCompile>
    <ClCompile Include="src\User.cpp">
      <Filter>Source Files</Filter>
    </ClCompile>
    <ClCompile Include="src\WidgetButton.cpp">
      <Filter>Source Files</Filter>
    </ClCompile>
    <ClCompile Include="src\WidgetListView.cpp">
      <Filter>Source Files</Filter>
    </ClCompile>
    <ClCompile Include="src\WidgetTextView.cpp">
      <Filter>Source Files</Filter>
    </ClCompile>
    <ClCompile Include="src\main.cpp">
      <Filter>Source Files</Filter>
    </ClCompile>
    <ClCompile Include="GeneratedFiles\qrc_resources.cpp">
      <Filter>Generated Files</Filter>
    </ClCompile>
  </ItemGroup>
  <ItemGroup>
    <ClInclude Include="include\APAAudioStream.hh">
      <Filter>Header Files</Filter>
    </ClInclude>
    <ClInclude Include="include\AudioBuffer.hh">
      <Filter>Header Files</Filter>
    </ClInclude>
    <CustomBuild Include="include\AudioCallConfirmationDialog.hh">
      <Filter>Header Files</Filter>
    </CustomBuild>
    <CustomBuild Include="include\AudioConversationWindow.hh">
      <Filter>Header Files</Filter>
    </CustomBuild>
    <ClInclude Include="include\AudioPlayer.hh">
      <Filter>Header Files</Filter>
    </ClInclude>
    <ClInclude Include="include\AudioRecorder.hh">
      <Filter>Header Files</Filter>
    </ClInclude>
    <ClInclude Include="include\AudioStreamListener.hh">
      <Filter>Header Files</Filter>
    </ClInclude>
    <ClInclude Include="include\BabelCoreClient.hh">
      <Filter>Header Files</Filter>
    </ClInclude>
    <ClInclude Include="include\CircularBuffer.hh">
      <Filter>Header Files</Filter>
    </ClInclude>
    <CustomBuild Include="include\ConversationWindow.hh">
      <Filter>Header Files</Filter>
    </CustomBuild>
    <ClInclude Include="include\Functor.hh">
      <Filter>Header Files</Filter>
    </ClInclude>
    <ClInclude Include="include\IAudioCoder.hh">
      <Filter>Header Files</Filter>
    </ClInclude>
    <ClInclude Include="include\IAudioDevice.hh">
      <Filter>Header Files</Filter>
    </ClInclude>
    <ClInclude Include="include\IAudioInputStream.hh">
      <Filter>Header Files</Filter>
    </ClInclude>
    <ClInclude Include="include\IAudioInputStreamListener.hh">
      <Filter>Header Files</Filter>
    </ClInclude>
    <ClInclude Include="include\IAudioOutputStream.hh">
      <Filter>Header Files</Filter>
    </ClInclude>
    <ClInclude Include="include\IAudioOutputStreamListener.hh">
      <Filter>Header Files</Filter>
    </ClInclude>
    <ClInclude Include="include\IAudioService.hh">
      <Filter>Header Files</Filter>
    </ClInclude>
    <ClInclude Include="include\IAudioStream.hh">
      <Filter>Header Files</Filter>
    </ClInclude>
    <ClInclude Include="include\ICallErrorListener.hh">
      <Filter>Header Files</Filter>
    </ClInclude>
    <ClInclude Include="include\ICallListener.hh">
      <Filter>Header Files</Filter>
    </ClInclude>
    <ClInclude Include="include\IConnectListener.hh">
      <Filter>Header Files</Filter>
    </ClInclude>
    <ClInclude Include="include\IDisconnectListener.hh">
      <Filter>Header Files</Filter>
    </ClInclude>
    <ClInclude Include="include\IErrorListener.hh">
      <Filter>Header Files</Filter>
    </ClInclude>
    <ClInclude Include="include\IFunctor.hh">
      <Filter>Header Files</Filter>
    </ClInclude>
    <ClInclude Include="include\IKoCallListener.hh">
      <Filter>Header Files</Filter>
    </ClInclude>
    <ClInclude Include="include\ILoginListener.hh">
      <Filter>Header Files</Filter>
    </ClInclude>
    <ClInclude Include="include\IMsgErrorListener.hh">
      <Filter>Header Files</Filter>
    </ClInclude>
    <ClInclude Include="include\IMsgListener.hh">
      <Filter>Header Files</Filter>
    </ClInclude>
    <ClInclude Include="include\IMutex.hh">
      <Filter>Header Files</Filter>
    </ClInclude>
    <CustomBuild Include="include\IQTcpSocketListener.hh">
      <Filter>Header Files</Filter>
    </CustomBuild>
    <CustomBuild Include="include\IQUdpSocketListener.hh">
      <Filter>Header Files</Filter>
    </CustomBuild>
    <ClInclude Include="include\IRegisterListener.hh">
      <Filter>Header Files</Filter>
    </ClInclude>
    <ClInclude Include="include\ITcpAsyncSocketListener.hh">
      <Filter>Header Files</Filter>
    </ClInclude>
    <ClInclude Include="include\ITimerListener.hh">
      <Filter>Header Files</Filter>
    </ClInclude>
    <ClInclude Include="include\IUdpAsyncSocketListener.hh">
      <Filter>Header Files</Filter>
    </ClInclude>
    <ClInclude Include="include\IUserInfoListener.hh">
      <Filter>Header Files</Filter>
    </ClInclude>
    <ClInclude Include="include\IWidgetListener.hh">
      <Filter>Header Files</Filter>
    </ClInclude>
    <CustomBuild Include="include\LoginDialog.hh">
      <Filter>Header Files</Filter>
    </CustomBuild>
    <CustomBuild Include="include\LoginEntryDialog.hh">
      <Filter>Header Files</Filter>
    </CustomBuild>
    <CustomBuild Include="include\MainWindow.hh">
      <Filter>Header Files</Filter>
    </CustomBuild>
    <ClInclude Include="include\Mutex.hh">
      <Filter>Header Files</Filter>
    </ClInclude>
    <ClInclude Include="include\OpusAudioCoder.hh">
      <Filter>Header Files</Filter>
    </ClInclude>
    <ClInclude Include="include\PAAudioDevice.hh">
      <Filter>Header Files</Filter>
    </ClInclude>
    <ClInclude Include="include\PAAudioInputStream.hh">
      <Filter>Header Files</Filter>
    </ClInclude>
    <ClInclude Include="include\PAAudioOutputStream.hh">
      <Filter>Header Files</Filter>
    </ClInclude>
    <ClInclude Include="include\PAAudioService.hh">
      <Filter>Header Files</Filter>
    </ClInclude>
    <ClInclude Include="include\Protocol.hh">
      <Filter>Header Files</Filter>
    </ClInclude>
    <CustomBuild Include="include\RegisterEntryDialog.hh">
      <Filter>Header Files</Filter>
    </CustomBuild>
    <ClInclude Include="include\ResourceManager.hpp">
      <Filter>Header Files</Filter>
    </ClInclude>
    <ClInclude Include="include\SampleFormat.hh">
      <Filter>Header Files</Filter>
    </ClInclude>
    <CustomBuild Include="include\TcpAsyncSocket.hh">
      <Filter>Header Files</Filter>
    </CustomBuild>
    <CustomBuild Include="include\Timer.hh">
      <Filter>Header Files</Filter>
    </CustomBuild>
    <CustomBuild Include="include\UdpAsyncSocket.hh">
      <Filter>Header Files</Filter>
    </CustomBuild>
    <ClInclude Include="include\User.hh">
      <Filter>Header Files</Filter>
    </ClInclude>
    <ClInclude Include="include\WidgetButton.hh">
      <Filter>Header Files</Filter>
    </ClInclude>
    <CustomBuild Include="include\WidgetListView.hh">
      <Filter>Header Files</Filter>
    </CustomBuild>
    <CustomBuild Include="include\WidgetTextView.hh">
      <Filter>Header Files</Filter>
    </CustomBuild>
    <ClInclude Include="libportaudio\include\pa_asio.h">
      <Filter>Header Files</Filter>
    </ClInclude>
    <ClInclude Include="libportaudio\include\pa_jack.h">
      <Filter>Header Files</Filter>
    </ClInclude>
    <ClInclude Include="libportaudio\include\pa_linux_alsa.h">
      <Filter>Header Files</Filter>
    </ClInclude>
    <ClInclude Include="libportaudio\include\pa_mac_core.h">
      <Filter>Header Files</Filter>
    </ClInclude>
    <ClInclude Include="libportaudio\include\pa_win_ds.h">
      <Filter>Header Files</Filter>
    </ClInclude>
    <ClInclude Include="libportaudio\include\pa_win_wasapi.h">
      <Filter>Header Files</Filter>
    </ClInclude>
    <ClInclude Include="libportaudio\include\pa_win_waveformat.h">
      <Filter>Header Files</Filter>
    </ClInclude>
    <ClInclude Include="libportaudio\include\pa_win_wdmks.h">
      <Filter>Header Files</Filter>
    </ClInclude>
    <ClInclude Include="libportaudio\include\pa_win_wmme.h">
      <Filter>Header Files</Filter>
    </ClInclude>
    <ClInclude Include="libportaudio\include\portaudio.h">
      <Filter>Header Files</Filter>
    </ClInclude>
  </ItemGroup>
  <ItemGroup>
    <ClCompile Include="debug\moc_AudioCallConfirmationDialog.cpp">
      <Filter>Generated Files</Filter>
    </ClCompile>
    <ClCompile Include="release\moc_AudioCallConfirmationDialog.cpp">
      <Filter>Generated Files</Filter>
    </ClCompile>
    <ClCompile Include="debug\moc_AudioConversationWindow.cpp">
      <Filter>Generated Files</Filter>
    </ClCompile>
    <ClCompile Include="release\moc_AudioConversationWindow.cpp">
      <Filter>Generated Files</Filter>
    </ClCompile>
    <ClCompile Include="debug\moc_ConversationWindow.cpp">
      <Filter>Generated Files</Filter>
    </ClCompile>
    <ClCompile Include="release\moc_ConversationWindow.cpp">
      <Filter>Generated Files</Filter>
    </ClCompile>
    <ClCompile Include="debug\moc_IQTcpSocketListener.cpp">
      <Filter>Generated Files</Filter>
    </ClCompile>
    <ClCompile Include="release\moc_IQTcpSocketListener.cpp">
      <Filter>Generated Files</Filter>
    </ClCompile>
    <ClCompile Include="debug\moc_IQUdpSocketListener.cpp">
      <Filter>Generated Files</Filter>
    </ClCompile>
    <ClCompile Include="release\moc_IQUdpSocketListener.cpp">
      <Filter>Generated Files</Filter>
    </ClCompile>
    <ClCompile Include="debug\moc_LoginDialog.cpp">
      <Filter>Generated Files</Filter>
    </ClCompile>
    <ClCompile Include="release\moc_LoginDialog.cpp">
      <Filter>Generated Files</Filter>
    </ClCompile>
    <ClCompile Include="debug\moc_LoginEntryDialog.cpp">
      <Filter>Generated Files</Filter>
    </ClCompile>
    <ClCompile Include="release\moc_LoginEntryDialog.cpp">
      <Filter>Generated Files</Filter>
    </ClCompile>
    <ClCompile Include="debug\moc_MainWindow.cpp">
      <Filter>Generated Files</Filter>
    </ClCompile>
    <ClCompile Include="release\moc_MainWindow.cpp">
      <Filter>Generated Files</Filter>
    </ClCompile>
    <ClCompile Include="debug\moc_RegisterEntryDialog.cpp">
      <Filter>Generated Files</Filter>
    </ClCompile>
    <ClCompile Include="release\moc_RegisterEntryDialog.cpp">
      <Filter>Generated Files</Filter>
    </ClCompile>
    <ClCompile Include="debug\moc_TcpAsyncSocket.cpp">
      <Filter>Generated Files</Filter>
    </ClCompile>
    <ClCompile Include="release\moc_TcpAsyncSocket.cpp">
      <Filter>Generated Files</Filter>
    </ClCompile>
    <ClCompile Include="debug\moc_Timer.cpp">
      <Filter>Generated Files</Filter>
    </ClCompile>
    <ClCompile Include="release\moc_Timer.cpp">
      <Filter>Generated Files</Filter>
    </ClCompile>
    <ClCompile Include="debug\moc_UdpAsyncSocket.cpp">
      <Filter>Generated Files</Filter>
    </ClCompile>
    <ClCompile Include="release\moc_UdpAsyncSocket.cpp">
      <Filter>Generated Files</Filter>
    </ClCompile>
    <ClCompile Include="debug\moc_WidgetListView.cpp">
      <Filter>Generated Files</Filter>
    </ClCompile>
    <ClCompile Include="release\moc_WidgetListView.cpp">
      <Filter>Generated Files</Filter>
    </ClCompile>
    <ClCompile Include="debug\moc_WidgetTextView.cpp">
      <Filter>Generated Files</Filter>
    </ClCompile>
    <ClCompile Include="release\moc_WidgetTextView.cpp">
      <Filter>Generated Files</Filter>
    </ClCompile>
  </ItemGroup>
  <ItemGroup>
    <None Include="res\blue_pellet.png">
      <Filter>Resource Files</Filter>
    </None>
    <None Include="res\button_hovered.jpg">
      <Filter>Resource Files</Filter>
    </None>
    <None Include="res\button_normal.jpg">
      <Filter>Resource Files</Filter>
    </None>
    <None Include="res\button_pressed.jpg">
      <Filter>Resource Files</Filter>
    </None>
    <None Include="res\call_background.jpg">
      <Filter>Resource Files</Filter>
    </None>
    <None Include="res\red_pellet.png">
      <Filter>Resource Files</Filter>
    </None>
    <CustomBuild Include="resources.qrc">
      <Filter>Resource Files</Filter>
    </CustomBuild>
    <None Include="res\wait_background.jpg">
      <Filter>Resource Files</Filter>
    </None>
  </ItemGroup>
</Project>